github.com/aws/aws-sdk-go v0.0.0-20171201224618-f865572734bf h1:CYMtDf1M6c3jtEdxP3rnJ8urRwA8xxG/XV8QukK75Fs=
github.com/aws/aws-sdk-go v0.0.0-20171201224618-f865572734bf/go.mod h1:ZRmQr0FajVIyZ4ZzBYKG5P3ZqPz9IHG41ZoMu1ADI3k=
github.com/chzyer/readline v0.0.0-20171103131923-a4d5111b6178 h1:vguAsv+wJteaEybU6kumKxUMq7ytuhEkbvlPmspPy08=
github.com/chzyer/readline v0.0.0-20171103131923-a4d5111b6178/go.mod h1:nSuG5e5PlCu98SY8svDHJxuZscDgtXS6KTTbou5AhLI=
github.com/go-ini/ini v1.32.0 h1:/MArBHSS0TFR28yPPDK1vPIjt4wUnPBfb81i6iiyKvA=
github.com/go-ini/ini v1.32.0/go.mod h1:ByCAeIL28uOIIG0E3PJtZPDL8WnHpFKFOtgjp+3Ies8=
github.com/jmespath/go-jmespath v0.0.0-20171120063526-dd801d4f4ce7 h1:cqXilTQ4KbtQOO+31cWKI3Tqxu70I01ovsTXHOSoJmY=
github.com/jmespath/go-jmespath v0.0.0-20171120063526-dd801d4f4ce7/go.mod h1:Nht3zPeWKUH0NzdCt2Blrr5ys8VGpn0CEB0cQHVjt7k=
github.com/juju/ansiterm v0.0.0-20161107204639-35c59b9e0fe2 h1:zwBJ/tDI/v8fUUaw/BXYLKAfATaLsbAWcMPKskykWfA=
github.com/juju/ansiterm v0.0.0-20161107204639-35c59b9e0fe2/go.mod h1:UJSiEoRfvx3hP73CvoARgeLjaIOjybY9vj8PUPPFGeU=
github.com/lunixbochs/vtclean v0.0.0-20170504063817-d14193dfc626 h1:33Ys8SnkRfz5ojdG853pyT/2Iqbk95PVm+QrC5XvI70=
github.com/lunixbochs/vtclean v0.0.0-20170504063817-d14193dfc626/go.mod h1:pHhQNgMf3btfWnGBVipUOjRYhoOsdGqdm/+2c2E2WMI=
github.com/manifoldco/promptui v0.0.0-20171201135419-4e59b08c5b8f h1:ZSr0qGEDgT/x2YAgEi7OC+7eomuf780MdPaW3BUk7IM=
github.com/manifoldco/promptui v0.0.0-20171201135419-4e59b08c5b8f/go.mod h1:zoCNXiJnyM03LlBgTsWv8mq28s7aTC71UgKasqRJHww=
github.com/mattn/go-colorable v0.0.0-20171111065953-6fcc0c1fd9b6 h1:G4Z3Qt5LMB7t8O2mvgRGe5Napynl/AXz+kEPvYXaggQ=
github.com/mattn/go-colorable v0.0.0-20171111065953-6fcc0c1fd9b6/go.mod h1:9vuHe8Xs5qXnSaW/c/ABM9alt+Vo+STaOChaDxuIBZU=
github.com/mattn/go-isatty v0.0.4 h1:bnP0vzxcAdeI1zdubAl5PjU6zsERjGZb7raWodagDYs=
github.com/mattn/go-isatty v0.0.4/go.mod h1:M+lRXTBqGeGNdLjl/ufCoiOlB5xdOkqRJdNxMWT7Zi4=
golang.org/x/net v0.0.0-20171129192339-a8b929477797 h1:LwuzaILeZdnfjwbkFDc5ex0Us4o0k6PlbZuThgT8a68=
golang.org/x/net v0.0.0-20171129192339-a8b929477797/go.mod h1:mL1N/T3taQHkDXs73rZJwtUhF3w3ftmwwsq0BUmARs4=
golang.org/x/sync v0.0.0-20171101214715-fd80eb99c8f6 h1:UWryf0el5qwmY5cBTqoyWVa4RPACJRSurjt+KoT0fF0=
golang.org/x/sync v0.0.0-20171101214715-fd80eb99c8f6/go.mod h1:RxMgew5VJxzue5/jJTE5uejpjVlOe/izrB70Jof72aM=
golang.org/x/sys v0.0.0-20171130163741-8b4580aae2a0/go.mod h1:STP8DvDyc/dI5b8T5hshtkjS+E42TnysNCUPdjciGhY=
gopkg.in/yaml.v2 v2.0.0-20171116090243-287cf08546ab h1:yZ6iByf7GKeJ3gsd1Dr/xaj1DyJ//wxKX1Cdh8LhoAw=
gopkg.in/yaml.v2 v2.0.0-20171116090243-287cf08546ab/go.mod h1:JAlM8MvJe8wmxCU4Bli9HhUf9+ttbYbLASfIpnQbh74=
